
Microsoft Visual Studio Solution File, Format Version 12.00
# Visual Studio Version 17
VisualStudioVersion = 17.5.33516.290
MinimumVisualStudioVersion = 10.0.40219.1
Project("{13B669BE-BB05-4DDF-9536-439F39A36129}") = "StarRailPHPWebsite", "StarRailPHPWebsite.phpproj", "{E2325C40-64AB-42C7-A9D4-16AF15A0F592}"
EndProject
Global
	GlobalSection(SolutionConfigurationPlatforms) = preSolution
		Debug|Any CPU = Debug|Any CPU
		Release|Any CPU = Release|Any CPU
	EndGlobalSection
	GlobalSection(ProjectConfigurationPlatforms) = postSolution
		{E2325C40-64AB-42C7-A9D4-16AF15A0F592}.Debug|Any CPU.ActiveCfg = Debug|Any CPU
		{E2325C40-64AB-42C7-A9D4-16AF15A0F592}.Debug|Any CPU.Build.0 = Debug|Any CPU
		{E2325C40-64AB-42C7-A9D4-16AF15A0F592}.Release|Any CPU.ActiveCfg = Release|Any CPU
		{E2325C40-64AB-42C7-A9D4-16AF15A0F592}.Release|Any CPU.Build.0 = Release|Any CPU
	EndGlobalSection
	GlobalSection(SolutionProperties) = preSolution
		HideSolutionNode = FALSE
	EndGlobalSection
	GlobalSection(ExtensibilityGlobals) = postSolution
		SolutionGuid = {559009A9-440F-417F-968B-65BA5A9B07FA}
	EndGlobalSection
EndGlobal
